<?xml version="1.0" encoding="utf-8"?>
<Project ToolsVersion="4.0" xmlns="http://schemas.microsoft.com/developer/msbuild/2003">
  <ItemGroup>
    <Filter Include="Source Files">
      <UniqueIdentifier>{4FC737F1-C7A5-4376-A066-2A32D752A2FF}</UniqueIdentifier>
      <Extensions>cpp;c;cc;cxx;def;odl;idl;hpj;bat;asm;asmx</Extensions>
    </Filter>
    <Filter Include="Header Files">
      <UniqueIdentifier>{93995380-89BD-4b04-88EB-625FBE52EBFB}</UniqueIdentifier>
      <Extensions>h;hh;hpp;hxx;hm;inl;inc;ipp;xsd</Extensions>
    </Filter>
    <Filter Include="Resource Files">
      <UniqueIdentifier>{67DA6AB6-F800-4c08-8B7A-83BB121AAD01}</UniqueIdentifier>
      <Extensions>rc;ico;cur;bmp;dlg;rc2;rct;bin;rgs;gif;jpg;jpeg;jpe;resx;tiff;tif;png;wav;mfcribbon-ms</Extensions>
    </Filter>
    <Filter Include="Header Files\dependent">
      <UniqueIdentifier>{42f78760-dbca-446e-bd69-949aeb5a8a3e}</UniqueIdentifier>
    </Filter>
    <Filter Include="Header Files\algorithm">
      <UniqueIdentifier>{2d90b3b0-c219-4d02-9276-73d0fd12163a}</UniqueIdentifier>
    </Filter>
    <Filter Include="Header Files\datastructure">
      <UniqueIdentifier>{2ca9bb67-ae4f-4888-8a65-ac80f07b0ccc}</UniqueIdentifier>
    </Filter>
    <Filter Include="Header Files\dependent\memory">
      <UniqueIdentifier>{3680c7c5-9a42-4958-88b8-88fbd7607f39}</UniqueIdentifier>
    </Filter>
    <Filter Include="Header Files\datastructure\container">
      <UniqueIdentifier>{ad274595-4859-4f51-bc3a-d7b3531331c5}</UniqueIdentifier>
    </Filter>
  </ItemGroup>
  <ItemGroup>
    <ClCompile Include="main.cpp">
      <Filter>Source Files</Filter>
    </ClCompile>
  </ItemGroup>
  <ItemGroup>
    <ClInclude Include="utility.hpp">
      <Filter>Header Files</Filter>
    </ClInclude>
    <ClInclude Include="dependent\vec2.hpp">
      <Filter>Header Files\dependent</Filter>
    </ClInclude>
    <ClInclude Include="algorithm\radix_sort.hpp">
      <Filter>Header Files\algorithm</Filter>
    </ClInclude>
    <ClInclude Include="dependent\memory\allocator.hpp">
      <Filter>Header Files\dependent\memory</Filter>
    </ClInclude>
    <ClInclude Include="dependent\memory\stack_allocator.hpp">
      <Filter>Header Files\dependent\memory</Filter>
    </ClInclude>
    <ClInclude Include="datastructure\container\container.hpp">
      <Filter>Header Files\datastructure\container</Filter>
    </ClInclude>
  </ItemGroup>
</Project>